<?xml version="1.0" encoding="utf-8"?>
<Project ToolsVersion="4.0" xmlns="http://schemas.microsoft.com/developer/msbuild/2003">
  <ItemGroup>
    <Filter Include="Source Files">
      <UniqueIdentifier>{4FC737F1-C7A5-4376-A066-2A32D752A2FF}</UniqueIdentifier>
      <Extensions>cpp;c;cc;cxx;c++;cppm;ixx;def;odl;idl;hpj;bat;asm;asmx</Extensions>
    </Filter>
    <Filter Include="Header Files">
      <UniqueIdentifier>{93995380-89BD-4b04-88EB-625FBE52EBFB}</UniqueIdentifier>
      <Extensions>h;hh;hpp;hxx;h++;hm;inl;inc;ipp;xsd</Extensions>
    </Filter>
    <Filter Include="Header Files\mods">
      <UniqueIdentifier>{B2A6D4E1-7C3F-4A8D-9E5B-1F2C3D4E5F6A}</UniqueIdentifier>
    </Filter>
    <Filter Include="Source Files\mods">
      <UniqueIdentifier>{A3B7C9D1-E5F2-4A6B-8C0D-2E4F6A8B0C1D}</UniqueIdentifier>
    </Filter>
    <Filter Include="Header Files\mods\map">
      <UniqueIdentifier>{C1D2E3F4-5A6B-7C8D-9E0F-1A2B3C4D5E6F}</UniqueIdentifier>
    </Filter>
    <Filter Include="Source Files\mods\map">
      <UniqueIdentifier>{D2E3F4A5-6B7C-8D9E-0F1A-2B3C4D5E6F7A}</UniqueIdentifier>
    </Filter>
  </ItemGroup>
  <ItemGroup>
    <ClInclude Include="framework.h">
      <Filter>Header Files</Filter>
    </ClInclude>
    <ClInclude Include="pch.h">
      <Filter>Header Files</Filter>
    </ClInclude>
    <ClInclude Include="proxy.h">
      <Filter>Header Files</Filter>
    </ClInclude>
    <ClInclude Include="core.h">
      <Filter>Header Files</Filter>
    </ClInclude>
    <ClInclude Include="hooks.h">
      <Filter>Header Files</Filter>
    </ClInclude>
    <ClInclude Include="memory.h">
      <Filter>Header Files</Filter>
    </ClInclude>
    <ClInclude Include="mods\mod_interface.h">
      <Filter>Header Files\mods</Filter>
    </ClInclude>
    <ClInclude Include="mods\multiclass_data.h">
      <Filter>Header Files\mods</Filter>
    </ClInclude>
    <ClInclude Include="mods\labels.h">
      <Filter>Header Files\mods</Filter>
    </ClInclude>
    <ClInclude Include="mods\spellbook_unlock.h">
      <Filter>Header Files\mods</Filter>
    </ClInclude>
    <ClInclude Include="game_state.h">
      <Filter>Header Files</Filter>
    </ClInclude>
    <ClInclude Include="commands.h">
      <Filter>Header Files</Filter>
    </ClInclude>
    <ClInclude Include="config.h">
      <Filter>Header Files</Filter>
    </ClInclude>
    <ClInclude Include="mq_compat.h">
      <Filter>Header Files</Filter>
    </ClInclude>
    <ClInclude Include="mods\map\map.h">
      <Filter>Header Files\mods\map</Filter>
    </ClInclude>
    <ClInclude Include="mods\map\map_object.h">
      <Filter>Header Files\mods\map</Filter>
    </ClInclude>
    <ClInclude Include="mods\map\map_mod.h">
      <Filter>Header Files\mods\map</Filter>
    </ClInclude>
    <ClInclude Include="mods\target_info.h">
      <Filter>Header Files\mods</Filter>
    </ClInclude>
  </ItemGroup>
  <ItemGroup>
    <ClCompile Include="dllmain.cpp">
      <Filter>Source Files</Filter>
    </ClCompile>
    <ClCompile Include="core.cpp">
      <Filter>Source Files</Filter>
    </ClCompile>
    <ClCompile Include="hooks.cpp">
      <Filter>Source Files</Filter>
    </ClCompile>
    <ClCompile Include="mods\multiclass_data.cpp">
      <Filter>Source Files\mods</Filter>
    </ClCompile>
    <ClCompile Include="mods\labels.cpp">
      <Filter>Source Files\mods</Filter>
    </ClCompile>
    <ClCompile Include="mods\spellbook_unlock.cpp">
      <Filter>Source Files\mods</Filter>
    </ClCompile>
    <ClCompile Include="game_state.cpp">
      <Filter>Source Files</Filter>
    </ClCompile>
    <ClCompile Include="commands.cpp">
      <Filter>Source Files</Filter>
    </ClCompile>
    <ClCompile Include="config.cpp">
      <Filter>Source Files</Filter>
    </ClCompile>
    <ClCompile Include="mq_compat.cpp">
      <Filter>Source Files</Filter>
    </ClCompile>
    <ClCompile Include="mods\map\map_object.cpp">
      <Filter>Source Files\mods\map</Filter>
    </ClCompile>
    <ClCompile Include="mods\map\map_api.cpp">
      <Filter>Source Files\mods\map</Filter>
    </ClCompile>
    <ClCompile Include="mods\map\map_mod.cpp">
      <Filter>Source Files\mods\map</Filter>
    </ClCompile>
    <ClCompile Include="mods\target_info.cpp">
      <Filter>Source Files\mods</Filter>
    </ClCompile>
    <ClCompile Include="mods\map\map_commands.cpp">
      <Filter>Source Files\mods\map</Filter>
    </ClCompile>
    <ClCompile Include="pch.cpp">
      <Filter>Source Files</Filter>
    </ClCompile>
  </ItemGroup>
  <ItemGroup>
    <None Include="dinput8.def">
      <Filter>Source Files</Filter>
    </None>
  </ItemGroup>
</Project>
